
Microsoft Visual Studio Solution File, Format Version 12.00
# Visual Studio 14
VisualStudioVersion = 14.0.25420.1
MinimumVisualStudioVersion = 10.0.40219.1
Project("{FAE04EC0-301F-11D3-BF4B-00C04F79EFBC}") = "NewsPortal.UI", "NewsPortal.UI\NewsPortal.UI.csproj", "{7260E959-6228-4186-B58E-29A82322C894}"
EndProject
Project("{FAE04EC0-301F-11D3-BF4B-00C04F79EFBC}") = "NewsPortal.Admin", "NewsPortal.Admin\NewsPortal.Admin.csproj", "{D17A7BD9-7A10-4620-9DD2-6FA15E954C10}"
EndProject
Project("{FAE04EC0-301F-11D3-BF4B-00C04F79EFBC}") = "NewsPortal.Data", "NewsPortal.Data\NewsPortal.Data.csproj", "{8F82DC9C-1E03-45E3-99A7-6D9E16C31666}"
EndProject
Project("{FAE04EC0-301F-11D3-BF4B-00C04F79EFBC}") = "NewsPortal.Core", "NewsPortal.Core\NewsPortal.Core.csproj", "{C6CFF6D8-0299-4F94-958B-6BA21DA5328F}"
EndProject
Project("{FAE04EC0-301F-11D3-BF4B-00C04F79EFBC}") = "NewsPortal.Service", "NewsPortal.Service\NewsPortal.Service.csproj", "{DBB18D94-0A7C-4AE2-9383-FA6ED57707D1}"
EndProject
Global
	GlobalSection(SolutionConfigurationPlatforms) = preSolution
		Debug|Any CPU = Debug|Any CPU
		Release|Any CPU = Release|Any CPU
	EndGlobalSection
	GlobalSection(ProjectConfigurationPlatforms) = postSolution
		{7260E959-6228-4186-B58E-29A82322C894}.Debug|Any CPU.ActiveCfg = Debug|Any CPU
		{7260E959-6228-4186-B58E-29A82322C894}.Debug|Any CPU.Build.0 = Debug|Any CPU
		{7260E959-6228-4186-B58E-29A82322C894}.Release|Any CPU.ActiveCfg = Release|Any CPU
		{7260E959-6228-4186-B58E-29A82322C894}.Release|Any CPU.Build.0 = Release|Any CPU
		{D17A7BD9-7A10-4620-9DD2-6FA15E954C10}.Debug|Any CPU.ActiveCfg = Debug|Any CPU
		{D17A7BD9-7A10-4620-9DD2-6FA15E954C10}.Debug|Any CPU.Build.0 = Debug|Any CPU
		{D17A7BD9-7A10-4620-9DD2-6FA15E954C10}.Release|Any CPU.ActiveCfg = Release|Any CPU
		{D17A7BD9-7A10-4620-9DD2-6FA15E954C10}.Release|Any CPU.Build.0 = Release|Any CPU
		{8F82DC9C-1E03-45E3-99A7-6D9E16C31666}.Debug|Any CPU.ActiveCfg = Debug|Any CPU
		{8F82DC9C-1E03-45E3-99A7-6D9E16C31666}.Debug|Any CPU.Build.0 = Debug|Any CPU
		{8F82DC9C-1E03-45E3-99A7-6D9E16C31666}.Release|Any CPU.ActiveCfg = Release|Any CPU
		{8F82DC9C-1E03-45E3-99A7-6D9E16C31666}.Release|Any CPU.Build.0 = Release|Any CPU
		{C6CFF6D8-0299-4F94-958B-6BA21DA5328F}.Debug|Any CPU.ActiveCfg = Debug|Any CPU
		{C6CFF6D8-0299-4F94-958B-6BA21DA5328F}.Debug|Any CPU.Build.0 = Debug|Any CPU
		{C6CFF6D8-0299-4F94-958B-6BA21DA5328F}.Release|Any CPU.ActiveCfg = Release|Any CPU
		{C6CFF6D8-0299-4F94-958B-6BA21DA5328F}.Release|Any CPU.Build.0 = Release|Any CPU
		{DBB18D94-0A7C-4AE2-9383-FA6ED57707D1}.Debug|Any CPU.ActiveCfg = Debug|Any CPU
		{DBB18D94-0A7C-4AE2-9383-FA6ED57707D1}.Debug|Any CPU.Build.0 = Debug|Any CPU
		{DBB18D94-0A7C-4AE2-9383-FA6ED57707D1}.Release|Any CPU.ActiveCfg = Release|Any CPU
		{DBB18D94-0A7C-4AE2-9383-FA6ED57707D1}.Release|Any CPU.Build.0 = Release|Any CPU
	EndGlobalSection
	GlobalSection(SolutionProperties) = preSolution
		HideSolutionNode = FALSE
	EndGlobalSection
EndGlobal
